
Microsoft Visual Studio Solution File, Format Version 11.00
# Visual Studio 2010
Project("{FAE04EC0-301F-11D3-BF4B-00C04F79EFBC}") = "First Jam", "Assembly-CSharp-firstpass.csproj", "{35B91BD9-6662-6A63-7829-A71536F226EB}"
EndProject
Project("{FAE04EC0-301F-11D3-BF4B-00C04F79EFBC}") = "First Jam", "Assembly-CSharp.csproj", "{6CD838EA-59FD-F6AF-12B3-EC41F1872212}"
EndProject
Project("{FAE04EC0-301F-11D3-BF4B-00C04F79EFBC}") = "First Jam", "Assembly-CSharp-Editor-firstpass.csproj", "{D716AF8D-98A0-3915-0A22-57AE7CF07760}"
EndProject
Global
	GlobalSection(SolutionConfigurationPlatforms) = preSolution
		Debug|Any CPU = Debug|Any CPU
		Release|Any CPU = Release|Any CPU
	EndGlobalSection
	GlobalSection(ProjectConfigurationPlatforms) = postSolution
		{35B91BD9-6662-6A63-7829-A71536F226EB}.Debug|Any CPU.ActiveCfg = Debug|Any CPU
		{35B91BD9-6662-6A63-7829-A71536F226EB}.Debug|Any CPU.Build.0 = Debug|Any CPU
		{35B91BD9-6662-6A63-7829-A71536F226EB}.Release|Any CPU.ActiveCfg = Release|Any CPU
		{35B91BD9-6662-6A63-7829-A71536F226EB}.Release|Any CPU.Build.0 = Release|Any CPU
		{6CD838EA-59FD-F6AF-12B3-EC41F1872212}.Debug|Any CPU.ActiveCfg = Debug|Any CPU
		{6CD838EA-59FD-F6AF-12B3-EC41F1872212}.Debug|Any CPU.Build.0 = Debug|Any CPU
		{6CD838EA-59FD-F6AF-12B3-EC41F1872212}.Release|Any CPU.ActiveCfg = Release|Any CPU
		{6CD838EA-59FD-F6AF-12B3-EC41F1872212}.Release|Any CPU.Build.0 = Release|Any CPU
		{D716AF8D-98A0-3915-0A22-57AE7CF07760}.Debug|Any CPU.ActiveCfg = Debug|Any CPU
		{D716AF8D-98A0-3915-0A22-57AE7CF07760}.Debug|Any CPU.Build.0 = Debug|Any CPU
		{D716AF8D-98A0-3915-0A22-57AE7CF07760}.Release|Any CPU.ActiveCfg = Release|Any CPU
		{D716AF8D-98A0-3915-0A22-57AE7CF07760}.Release|Any CPU.Build.0 = Release|Any CPU
	EndGlobalSection
	GlobalSection(SolutionProperties) = preSolution
		HideSolutionNode = FALSE
	EndGlobalSection
	GlobalSection(MonoDevelopProperties) = preSolution
		StartupItem = Assembly-CSharp.csproj
	EndGlobalSection
EndGlobal
